
Microsoft Visual Studio Solution File, Format Version 12.00
# Visual Studio Version 17
VisualStudioVersion = 17.5.33502.453
MinimumVisualStudioVersion = 10.0.40219.1
Project("{9A19103F-16F7-4668-BE54-9A1E7A4F7556}") = "module3", "module3\module3.csproj", "{F40AAF40-0A33-4E68-A735-51F6CA537B86}"
EndProject
Project("{9A19103F-16F7-4668-BE54-9A1E7A4F7556}") = "Module4", "Module4and5\Module4.csproj", "{600E6766-009F-4C16-ACFE-2610E852F085}"
EndProject
Project("{9A19103F-16F7-4668-BE54-9A1E7A4F7556}") = "Module5", "Module5\Module5.csproj", "{9DB0187E-FF53-4531-8E2B-136E5A539E42}"
EndProject
Project("{9A19103F-16F7-4668-BE54-9A1E7A4F7556}") = "Module5FinalProject", "Module5FinalProject\Module5FinalProject.csproj", "{97714F31-7B9A-4508-84E6-0A4A8B11D990}"
EndProject
Project("{9A19103F-16F7-4668-BE54-9A1E7A4F7556}") = "Module6", "Module6\Module6.csproj", "{4BB1D558-172D-4A11-A35C-33C5503EB8A9}"
EndProject
Project("{9A19103F-16F7-4668-BE54-9A1E7A4F7556}") = "Module7", "Module7\Module7.csproj", "{51521C44-07B5-4FA8-9AFB-B70E3DEA8791}"
EndProject
Project("{9A19103F-16F7-4668-BE54-9A1E7A4F7556}") = "Module8", "Module8\Module8.csproj", "{71D1C14C-1350-4D5F-892B-276D253A5A6C}"
EndProject
Project("{9A19103F-16F7-4668-BE54-9A1E7A4F7556}") = "Module9", "Module9\Module9.csproj", "{7F1E882E-F2EF-4E6D-BA9F-B0693806CF1D}"
EndProject
Project("{9A19103F-16F7-4668-BE54-9A1E7A4F7556}") = "Module10", "Module10\Module10.csproj", "{8FF1C04C-429E-432C-89DC-3A572F076E94}"
EndProject
Project("{9A19103F-16F7-4668-BE54-9A1E7A4F7556}") = "Module11", "Module11\Module11.csproj", "{11F9B3EA-77F6-466D-89BD-883A56F71B12}"
EndProject
Project("{9A19103F-16F7-4668-BE54-9A1E7A4F7556}") = "Module11FinishTask", "Module11FinishTask\Module11FinishTask.csproj", "{90EAB5EC-3143-4A3C-A83E-AFC2BEC47667}"
EndProject
Project("{9A19103F-16F7-4668-BE54-9A1E7A4F7556}") = "Module12", "Module12\Module12.csproj", "{B2A779B0-F450-4B61-9AC3-DD553584EB5C}"
EndProject
Project("{9A19103F-16F7-4668-BE54-9A1E7A4F7556}") = "Module13", "Module13\Module13.csproj", "{617E27E3-5CBC-4A7B-90E8-80670D6A5AC6}"
EndProject
Project("{9A19103F-16F7-4668-BE54-9A1E7A4F7556}") = "Module13Task2", "Module13Task2\Module13Task2.csproj", "{46AC1FE4-EBEF-41DF-8FC0-716E52015D35}"
EndProject
Project("{FAE04EC0-301F-11D3-BF4B-00C04F79EFBC}") = "Module14", "Module14\Module14.csproj", "{9FFE9A26-C484-478B-A83A-9A734A9F43B8}"
EndProject
Global
	GlobalSection(SolutionConfigurationPlatforms) = preSolution
		Debug|Any CPU = Debug|Any CPU
		Release|Any CPU = Release|Any CPU
	EndGlobalSection
	GlobalSection(ProjectConfigurationPlatforms) = postSolution
		{F40AAF40-0A33-4E68-A735-51F6CA537B86}.Debug|Any CPU.ActiveCfg = Debug|Any CPU
		{F40AAF40-0A33-4E68-A735-51F6CA537B86}.Debug|Any CPU.Build.0 = Debug|Any CPU
		{F40AAF40-0A33-4E68-A735-51F6CA537B86}.Release|Any CPU.ActiveCfg = Release|Any CPU
		{F40AAF40-0A33-4E68-A735-51F6CA537B86}.Release|Any CPU.Build.0 = Release|Any CPU
		{600E6766-009F-4C16-ACFE-2610E852F085}.Debug|Any CPU.ActiveCfg = Debug|Any CPU
		{600E6766-009F-4C16-ACFE-2610E852F085}.Debug|Any CPU.Build.0 = Debug|Any CPU
		{600E6766-009F-4C16-ACFE-2610E852F085}.Release|Any CPU.ActiveCfg = Release|Any CPU
		{600E6766-009F-4C16-ACFE-2610E852F085}.Release|Any CPU.Build.0 = Release|Any CPU
		{9DB0187E-FF53-4531-8E2B-136E5A539E42}.Debug|Any CPU.ActiveCfg = Debug|Any CPU
		{9DB0187E-FF53-4531-8E2B-136E5A539E42}.Debug|Any CPU.Build.0 = Debug|Any CPU
		{9DB0187E-FF53-4531-8E2B-136E5A539E42}.Release|Any CPU.ActiveCfg = Release|Any CPU
		{9DB0187E-FF53-4531-8E2B-136E5A539E42}.Release|Any CPU.Build.0 = Release|Any CPU
		{97714F31-7B9A-4508-84E6-0A4A8B11D990}.Debug|Any CPU.ActiveCfg = Debug|Any CPU
		{97714F31-7B9A-4508-84E6-0A4A8B11D990}.Debug|Any CPU.Build.0 = Debug|Any CPU
		{97714F31-7B9A-4508-84E6-0A4A8B11D990}.Release|Any CPU.ActiveCfg = Release|Any CPU
		{97714F31-7B9A-4508-84E6-0A4A8B11D990}.Release|Any CPU.Build.0 = Release|Any CPU
		{4BB1D558-172D-4A11-A35C-33C5503EB8A9}.Debug|Any CPU.ActiveCfg = Debug|Any CPU
		{4BB1D558-172D-4A11-A35C-33C5503EB8A9}.Debug|Any CPU.Build.0 = Debug|Any CPU
		{4BB1D558-172D-4A11-A35C-33C5503EB8A9}.Release|Any CPU.ActiveCfg = Release|Any CPU
		{4BB1D558-172D-4A11-A35C-33C5503EB8A9}.Release|Any CPU.Build.0 = Release|Any CPU
		{51521C44-07B5-4FA8-9AFB-B70E3DEA8791}.Debug|Any CPU.ActiveCfg = Debug|Any CPU
		{51521C44-07B5-4FA8-9AFB-B70E3DEA8791}.Debug|Any CPU.Build.0 = Debug|Any CPU
		{51521C44-07B5-4FA8-9AFB-B70E3DEA8791}.Release|Any CPU.ActiveCfg = Release|Any CPU
		{51521C44-07B5-4FA8-9AFB-B70E3DEA8791}.Release|Any CPU.Build.0 = Release|Any CPU
		{71D1C14C-1350-4D5F-892B-276D253A5A6C}.Debug|Any CPU.ActiveCfg = Debug|Any CPU
		{71D1C14C-1350-4D5F-892B-276D253A5A6C}.Debug|Any CPU.Build.0 = Debug|Any CPU
		{71D1C14C-1350-4D5F-892B-276D253A5A6C}.Release|Any CPU.ActiveCfg = Release|Any CPU
		{71D1C14C-1350-4D5F-892B-276D253A5A6C}.Release|Any CPU.Build.0 = Release|Any CPU
		{7F1E882E-F2EF-4E6D-BA9F-B0693806CF1D}.Debug|Any CPU.ActiveCfg = Debug|Any CPU
		{7F1E882E-F2EF-4E6D-BA9F-B0693806CF1D}.Debug|Any CPU.Build.0 = Debug|Any CPU
		{7F1E882E-F2EF-4E6D-BA9F-B0693806CF1D}.Release|Any CPU.ActiveCfg = Release|Any CPU
		{7F1E882E-F2EF-4E6D-BA9F-B0693806CF1D}.Release|Any CPU.Build.0 = Release|Any CPU
		{8FF1C04C-429E-432C-89DC-3A572F076E94}.Debug|Any CPU.ActiveCfg = Debug|Any CPU
		{8FF1C04C-429E-432C-89DC-3A572F076E94}.Debug|Any CPU.Build.0 = Debug|Any CPU
		{8FF1C04C-429E-432C-89DC-3A572F076E94}.Release|Any CPU.ActiveCfg = Release|Any CPU
		{8FF1C04C-429E-432C-89DC-3A572F076E94}.Release|Any CPU.Build.0 = Release|Any CPU
		{11F9B3EA-77F6-466D-89BD-883A56F71B12}.Debug|Any CPU.ActiveCfg = Debug|Any CPU
		{11F9B3EA-77F6-466D-89BD-883A56F71B12}.Debug|Any CPU.Build.0 = Debug|Any CPU
		{11F9B3EA-77F6-466D-89BD-883A56F71B12}.Release|Any CPU.ActiveCfg = Release|Any CPU
		{11F9B3EA-77F6-466D-89BD-883A56F71B12}.Release|Any CPU.Build.0 = Release|Any CPU
		{90EAB5EC-3143-4A3C-A83E-AFC2BEC47667}.Debug|Any CPU.ActiveCfg = Debug|Any CPU
		{90EAB5EC-3143-4A3C-A83E-AFC2BEC47667}.Debug|Any CPU.Build.0 = Debug|Any CPU
		{90EAB5EC-3143-4A3C-A83E-AFC2BEC47667}.Release|Any CPU.ActiveCfg = Release|Any CPU
		{90EAB5EC-3143-4A3C-A83E-AFC2BEC47667}.Release|Any CPU.Build.0 = Release|Any CPU
		{B2A779B0-F450-4B61-9AC3-DD553584EB5C}.Debug|Any CPU.ActiveCfg = Debug|Any CPU
		{B2A779B0-F450-4B61-9AC3-DD553584EB5C}.Debug|Any CPU.Build.0 = Debug|Any CPU
		{B2A779B0-F450-4B61-9AC3-DD553584EB5C}.Release|Any CPU.ActiveCfg = Release|Any CPU
		{B2A779B0-F450-4B61-9AC3-DD553584EB5C}.Release|Any CPU.Build.0 = Release|Any CPU
		{617E27E3-5CBC-4A7B-90E8-80670D6A5AC6}.Debug|Any CPU.ActiveCfg = Debug|Any CPU
		{617E27E3-5CBC-4A7B-90E8-80670D6A5AC6}.Debug|Any CPU.Build.0 = Debug|Any CPU
		{617E27E3-5CBC-4A7B-90E8-80670D6A5AC6}.Release|Any CPU.ActiveCfg = Release|Any CPU
		{617E27E3-5CBC-4A7B-90E8-80670D6A5AC6}.Release|Any CPU.Build.0 = Release|Any CPU
		{46AC1FE4-EBEF-41DF-8FC0-716E52015D35}.Debug|Any CPU.ActiveCfg = Debug|Any CPU
		{46AC1FE4-EBEF-41DF-8FC0-716E52015D35}.Debug|Any CPU.Build.0 = Debug|Any CPU
		{46AC1FE4-EBEF-41DF-8FC0-716E52015D35}.Release|Any CPU.ActiveCfg = Release|Any CPU
		{46AC1FE4-EBEF-41DF-8FC0-716E52015D35}.Release|Any CPU.Build.0 = Release|Any CPU
		{9FFE9A26-C484-478B-A83A-9A734A9F43B8}.Debug|Any CPU.ActiveCfg = Debug|Any CPU
		{9FFE9A26-C484-478B-A83A-9A734A9F43B8}.Debug|Any CPU.Build.0 = Debug|Any CPU
		{9FFE9A26-C484-478B-A83A-9A734A9F43B8}.Release|Any CPU.ActiveCfg = Release|Any CPU
		{9FFE9A26-C484-478B-A83A-9A734A9F43B8}.Release|Any CPU.Build.0 = Release|Any CPU
	EndGlobalSection
	GlobalSection(SolutionProperties) = preSolution
		HideSolutionNode = FALSE
	EndGlobalSection
	GlobalSection(ExtensibilityGlobals) = postSolution
		SolutionGuid = {BC8399A5-B2BE-4FC3-ADEE-679451025C61}
	EndGlobalSection
EndGlobal
